
Microsoft Visual Studio Solution File, Format Version 12.00
# Visual Studio Version 17
VisualStudioVersion = 17.5.33516.290
MinimumVisualStudioVersion = 10.0.40219.1
Project("{FAE04EC0-301F-11D3-BF4B-00C04F79EFBC}") = "SortedListDemo2", "SortedListDemo2\SortedListDemo2.csproj", "{C707E577-26BB-4221-BEBA-B5BB43DABA81}"
EndProject
Global
	GlobalSection(SolutionConfigurationPlatforms) = preSolution
		Debug|Any CPU = Debug|Any CPU
		Release|Any CPU = Release|Any CPU
	EndGlobalSection
	GlobalSection(ProjectConfigurationPlatforms) = postSolution
		{C707E577-26BB-4221-BEBA-B5BB43DABA81}.Debug|Any CPU.ActiveCfg = Debug|Any CPU
		{C707E577-26BB-4221-BEBA-B5BB43DABA81}.Debug|Any CPU.Build.0 = Debug|Any CPU
		{C707E577-26BB-4221-BEBA-B5BB43DABA81}.Release|Any CPU.ActiveCfg = Release|Any CPU
		{C707E577-26BB-4221-BEBA-B5BB43DABA81}.Release|Any CPU.Build.0 = Release|Any CPU
	EndGlobalSection
	GlobalSection(SolutionProperties) = preSolution
		HideSolutionNode = FALSE
	EndGlobalSection
	GlobalSection(ExtensibilityGlobals) = postSolution
		SolutionGuid = {F84225B1-F504-457F-9FC1-ED1F03DD974E}
	EndGlobalSection
EndGlobal
